// !$*UTF8*$!
{
	archiveVersion = 1;
	classes = {
	};
	objectVersion = 50;
	objects = {

/* Begin PBXBuildFile section */
		FE15B33C25BEDA7100E8E2FC /* AppDelegate.swift in Sources */ = {isa = PBXBuildFile; fileRef = FE15B33B25BEDA7100E8E2FC /* AppDelegate.swift */; };
		FE15B33E25BEDA7100E8E2FC /* SceneDelegate.swift in Sources */ = {isa = PBXBuildFile; fileRef = FE15B33D25BEDA7100E8E2FC /* SceneDelegate.swift */; };
		FE15B34025BEDA7100E8E2FC /* ViewController.swift in Sources */ = {isa = PBXBuildFile; fileRef = FE15B33F25BEDA7100E8E2FC /* ViewController.swift */; };
		FE15B34325BEDA7100E8E2FC /* Main.storyboard in Resources */ = {isa = PBXBuildFile; fileRef = FE15B34125BEDA7100E8E2FC /* Main.storyboard */; };
		FE15B34525BEDA7200E8E2FC /* Assets.xcassets in Resources */ = {isa = PBXBuildFile; fileRef = FE15B34425BEDA7200E8E2FC /* Assets.xcassets */; };
		FE15B34825BEDA7200E8E2FC /* LaunchScreen.storyboard in Resources */ = {isa = PBXBuildFile; fileRef = FE15B34625BEDA7200E8E2FC /* LaunchScreen.storyboard */; };
/* End PBXBuildFile section */

/* Begin PBXFileReference section */
		FE15B33825BEDA7100E8E2FC /* Strategy board.app */ = {isa = PBXFileReference; explicitFileType = wrapper.application; includeInIndex = 0; path = "Strategy board.app"; sourceTree = BUILT_PRODUCTS_DIR; };
		FE15B33B25BEDA7100E8E2FC /* AppDelegate.swift */ = {isa = PBXFileReference; lastKnownFileType = sourcecode.swift; path = AppDelegate.swift; sourceTree = "<group>"; };
		FE15B33D25BEDA7100E8E2FC /* SceneDelegate.swift */ = {isa = PBXFileReference; lastKnownFileType = sourcecode.swift; path = SceneDelegate.swift; sourceTree = "<group>"; };
		FE15B33F25BEDA7100E8E2FC /* ViewController.swift */ = {isa = PBXFileReference; lastKnownFileType = sourcecode.swift; path = ViewController.swift; sourceTree = "<group>"; };
		FE15B34225BEDA7100E8E2FC /* Base */ = {isa = PBXFileReference; lastKnownFileType = file.storyboard; name = Base; path = Base.lproj/Main.storyboard; sourceTree = "<group>"; };
		FE15B34425BEDA7200E8E2FC /* Assets.xcassets */ = {isa = PBXFileReference; lastKnownFileType = folder.assetcatalog; path = Assets.xcassets; sourceTree = "<group>"; };
		FE15B34725BEDA7200E8E2FC /* Base */ = {isa = PBXFileReference; lastKnownFileType = file.storyboard; name = Base; path = Base.lproj/LaunchScreen.storyboard; sourceTree = "<group>"; };
		FE15B34925BEDA7200E8E2FC /* Info.plist */ = {isa = PBXFileReference; lastKnownFileType = text.plist.xml; path = Info.plist; sourceTree = "<group>"; };
/* End PBXFileReference section */

/* Begin PBXFrameworksBuildPhase section */
		FE15B33525BEDA7100E8E2FC /* Frameworks */ = {
			isa = PBXFrameworksBuildPhase;
			buildActionMask = 2147483647;
			files = (
			);
			runOnlyForDeploymentPostprocessing = 0;
		};
/* End PBXFrameworksBuildPhase section */

/* Begin PBXGroup section */
		FE15B32F25BEDA7100E8E2FC = {
			isa = PBXGroup;
			children = (
				FE15B33A25BEDA7100E8E2FC /* Strategy board */,
				FE15B33925BEDA7100E8E2FC /* Products */,
			);
			sourceTree = "<group>";
		};
		FE15B33925BEDA7100E8E2FC /* Products */ = {
			isa = PBXGroup;
			children = (
				FE15B33825BEDA7100E8E2FC /* Strategy board.app */,
			);
			name = Products;
			sourceTree = "<group>";
		};
		FE15B33A25BEDA7100E8E2FC /* Strategy board */ = {
			isa = PBXGroup;
			children = (
				FE15B33B25BEDA7100E8E2FC /* AppDelegate.swift */,
				FE15B33D25BEDA7100E8E2FC /* SceneDelegate.swift */,
				FE15B33F25BEDA7100E8E2FC /* ViewController.swift */,
				FE15B34125BEDA7100E8E2FC /* Main.storyboard */,
				FE15B34425BEDA7200E8E2FC /* Assets.xcassets */,
				FE15B34625BEDA7200E8E2FC /* LaunchScreen.storyboard */,
				FE15B34925BEDA7200E8E2FC /* Info.plist */,
			);
			path = "Strategy board";
			sourceTree = "<group>";
		};
/* End PBXGroup section */

/* Begin PBXNativeTarget section */
		FE15B33725BEDA7100E8E2FC /* Strategy board */ = {
			isa = PBXNativeTarget;
			buildConfigurationList = FE15B34C25BEDA7200E8E2FC /* Build configuration list for PBXNativeTarget "Strategy board" */;
			buildPhases = (
				FE15B33425BEDA7100E8E2FC /* Sources */,
				FE15B33525BEDA7100E8E2FC /* Frameworks */,
				FE15B33625BEDA7100E8E2FC /* Resources */,
			);
			buildRules = (
			);
			dependencies = (
			);
			name = "Strategy board";
			productName = "Strategy board";
			productReference = FE15B33825BEDA7100E8E2FC /* Strategy board.app */;
			productType = "com.apple.product-type.application";
		};
/* End PBXNativeTarget section */

/* Begin PBXProject section */
		FE15B33025BEDA7100E8E2FC /* Project object */ = {
			isa = PBXProject;
			attributes = {
				LastSwiftUpdateCheck = 1230;
				LastUpgradeCheck = 1230;
				TargetAttributes = {
					FE15B33725BEDA7100E8E2FC = {
						CreatedOnToolsVersion = 12.3;
					};
				};
			};
			buildConfigurationList = FE15B33325BEDA7100E8E2FC /* Build configuration list for PBXProject "Strategy board" */;
			compatibilityVersion = "Xcode 9.3";
			developmentRegion = en;
			hasScannedForEncodings = 0;
			knownRegions = (
				en,
				Base,
			);
			mainGroup = FE15B32F25BEDA7100E8E2FC;
			productRefGroup = FE15B33925BEDA7100E8E2FC /* Products */;
			projectDirPath = "";
			projectRoot = "";
			targets = (
				FE15B33725BEDA7100E8E2FC /* Strategy board */,
			);
		};
/* End PBXProject section */

/* Begin PBXResourcesBuildPhase section */
		FE15B33625BEDA7100E8E2FC /* Resources */ = {
			isa = PBXResourcesBuildPhase;
			buildActionMask = 2147483647;
			files = (
				FE15B34825BEDA7200E8E2FC /* LaunchScreen.storyboard in Resources */,
				FE15B34525BEDA7200E8E2FC /* Assets.xcassets in Resources */,
				FE15B34325BEDA7100E8E2FC /* Main.storyboard in Resources */,
			);
			runOnlyForDeploymentPostprocessing = 0;
		};
/* End PBXResourcesBuildPhase section */

/* Begin PBXSourcesBuildPhase section */
		FE15B33425BEDA7100E8E2FC /* Sources */ = {
			isa = PBXSourcesBuildPhase;
			buildActionMask = 2147483647;
			files = (
				FE15B34025BEDA7100E8E2FC /* ViewController.swift in Sources */,
				FE15B33C25BEDA7100E8E2FC /* AppDelegate.swift in Sources */,
				FE15B33E25BEDA7100E8E2FC /* SceneDelegate.swift in Sources */,
			);
			runOnlyForDeploymentPostprocessing = 0;
		};
/* End PBXSourcesBuildPhase section */

/* Begin PBXVariantGroup section */
		FE15B34125BEDA7100E8E2FC /* Main.storyboard */ = {
			isa = PBXVariantGroup;
			children = (
				FE15B34225BEDA7100E8E2FC /* Base */,
			);
			name = Main.storyboard;
			sourceTree = "<group>";
		};
		FE15B34625BEDA7200E8E2FC /* LaunchScreen.storyboard */ = {
			isa = PBXVariantGroup;
			children = (
				FE15B34725BEDA7200E8E2FC /* Base */,
			);
			name = LaunchScreen.storyboard;
			sourceTree = "<group>";
		};
/* End PBXVariantGroup section */

/* Begin XCBuildConfiguration section */
		FE15B34A25BEDA7200E8E2FC /* Debug */ = {
			isa = XCBuildConfiguration;
			buildSettings = {
				ALWAYS_SEARCH_USER_PATHS = NO;
				CLANG_ANALYZER_NONNULL = YES;
				CLANG_ANALYZER_NUMBER_OBJECT_CONVERSION = YES_AGGRESSIVE;
				CLANG_CXX_LANGUAGE_STANDARD = "gnu++14";
				CLANG_CXX_LIBRARY = "libc++";
				CLANG_ENABLE_MODULES = YES;
				CLANG_ENABLE_OBJC_ARC = YES;
				CLANG_ENABLE_OBJC_WEAK = YES;
				CLANG_WARN_BLOCK_CAPTURE_AUTORELEASING = YES;
				CLANG_WARN_BOOL_CONVERSION = YES;
				CLANG_WARN_COMMA = YES;
				CLANG_WARN_CONSTANT_CONVERSION = YES;
				CLANG_WARN_DEPRECATED_OBJC_IMPLEMENTATIONS = YES;
				CLANG_WARN_DIRECT_OBJC_ISA_USAGE = YES_ERROR;
				CLANG_WARN_DOCUMENTATION_COMMENTS = YES;
				CLANG_WARN_EMPTY_BODY = YES;
				CLANG_WARN_ENUM_CONVERSION = YES;
				CLANG_WARN_INFINITE_RECURSION = YES;
				CLANG_WARN_INT_CONVERSION = YES;
				CLANG_WARN_NON_LITERAL_NULL_CONVERSION = YES;
				CLANG_WARN_OBJC_IMPLICIT_RETAIN_SELF = YES;
				CLANG_WARN_OBJC_LITERAL_CONVERSION = YES;
				CLANG_WARN_OBJC_ROOT_CLASS = YES_ERROR;
				CLANG_WARN_QUOTED_INCLUDE_IN_FRAMEWORK_HEADER = YES;
				CLANG_WARN_RANGE_LOOP_ANALYSIS = YES;
				CLANG_WARN_STRICT_PROTOTYPES = YES;
				CLANG_WARN_SUSPICIOUS_MOVE = YES;
				CLANG_WARN_UNGUARDED_AVAILABILITY = YES_AGGRESSIVE;
				CLANG_WARN_UNREACHABLE_CODE = YES;
				CLANG_WARN__DUPLICATE_METHOD_MATCH = YES;
				COPY_PHASE_STRIP = NO;
				DEBUG_INFORMATION_FORMAT = dwarf;
				ENABLE_STRICT_OBJC_MSGSEND = YES;
				ENABLE_TESTABILITY = YES;
				GCC_C_LANGUAGE_STANDARD = gnu11;
				GCC_DYNAMIC_NO_PIC = NO;
				GCC_NO_COMMON_BLOCKS = YES;
				GCC_OPTIMIZATION_LEVEL = 0;
				GCC_PREPROCESSOR_DEFINITIONS = (
					"DEBUG=1",
					"$(inherited)",
				);
				GCC_WARN_64_TO_32_BIT_CONVERSION = YES;
				GCC_WARN_ABOUT_RETURN_TYPE = YES_ERROR;
				GCC_WARN_UNDECLARED_SELECTOR = YES;
				GCC_WARN_UNINITIALIZED_AUTOS = YES_AGGRESSIVE;
				GCC_WARN_UNUSED_FUNCTION = YES;
				GCC_WARN_UNUSED_VARIABLE = YES;
				IPHONEOS_DEPLOYMENT_TARGET = 14.3;
				MTL_ENABLE_DEBUG_INFO = INCLUDE_SOURCE;
				MTL_FAST_MATH = YES;
				ONLY_ACTIVE_ARCH = YES;
				SDKROOT = iphoneos;
				SWIFT_ACTIVE_COMPILATION_CONDITIONS = DEBUG;
				SWIFT_OPTIMIZATION_LEVEL = "-Onone";
			};
			name = Debug;
		};
		FE15B34B25BEDA7200E8E2FC /* Release */ = {
			isa = XCBuildConfiguration;
			buildSettings = {
				ALWAYS_SEARCH_USER_PATHS = NO;
				CLANG_ANALYZER_NONNULL = YES;
				CLANG_ANALYZER_NUMBER_OBJECT_CONVERSION = YES_AGGRESSIVE;
				CLANG_CXX_LANGUAGE_STANDARD = "gnu++14";
				CLANG_CXX_LIBRARY = "libc++";
				CLANG_ENABLE_MODULES = YES;
				CLANG_ENABLE_OBJC_ARC = YES;
				CLANG_ENABLE_OBJC_WEAK = YES;
				CLANG_WARN_BLOCK_CAPTURE_AUTORELEASING = YES;
				CLANG_WARN_BOOL_CONVERSION = YES;
				CLANG_WARN_COMMA = YES;
				CLANG_WARN_CONSTANT_CONVERSION = YES;
				CLANG_WARN_DEPRECATED_OBJC_IMPLEMENTATIONS = YES;
				CLANG_WARN_DIRECT_OBJC_ISA_USAGE = YES_ERROR;
				CLANG_WARN_DOCUMENTATION_COMMENTS = YES;
				CLANG_WARN_EMPTY_BODY = YES;
				CLANG_WARN_ENUM_CONVERSION = YES;
				CLANG_WARN_INFINITE_RECURSION = YES;
				CLANG_WARN_INT_CONVERSION = YES;
				CLANG_WARN_NON_LITERAL_NULL_CONVERSION = YES;
				CLANG_WARN_OBJC_IMPLICIT_RETAIN_SELF = YES;
				CLANG_WARN_OBJC_LITERAL_CONVERSION = YES;
				CLANG_WARN_OBJC_ROOT_CLASS = YES_ERROR;
				CLANG_WARN_QUOTED_INCLUDE_IN_FRAMEWORK_HEADER = YES;
				CLANG_WARN_RANGE_LOOP_ANALYSIS = YES;
				CLANG_WARN_STRICT_PROTOTYPES = YES;
				CLANG_WARN_SUSPICIOUS_MOVE = YES;
				CLANG_WARN_UNGUARDED_AVAILABILITY = YES_AGGRESSIVE;
				CLANG_WARN_UNREACHABLE_CODE = YES;
				CLANG_WARN__DUPLICATE_METHOD_MATCH = YES;
				COPY_PHASE_STRIP = NO;
				DEBUG_INFORMATION_FORMAT = "dwarf-with-dsym";
				ENABLE_NS_ASSERTIONS = NO;
				ENABLE_STRICT_OBJC_MSGSEND = YES;
				GCC_C_LANGUAGE_STANDARD = gnu11;
				GCC_NO_COMMON_BLOCKS = YES;
				GCC_WARN_64_TO_32_BIT_CONVERSION = YES;
				GCC_WARN_ABOUT_RETURN_TYPE = YES_ERROR;
				GCC_WARN_UNDECLARED_SELECTOR = YES;
				GCC_WARN_UNINITIALIZED_AUTOS = YES_AGGRESSIVE;
				GCC_WARN_UNUSED_FUNCTION = YES;
				GCC_WARN_UNUSED_VARIABLE = YES;
				IPHONEOS_DEPLOYMENT_TARGET = 14.3;
				MTL_ENABLE_DEBUG_INFO = NO;
				MTL_FAST_MATH = YES;
				SDKROOT = iphoneos;
				SWIFT_COMPILATION_MODE = wholemodule;
				SWIFT_OPTIMIZATION_LEVEL = "-O";
				VALIDATE_PRODUCT = YES;
			};
			name = Release;
		};
		FE15B34D25BEDA7200E8E2FC /* Debug */ = {
			isa = XCBuildConfiguration;
			buildSettings = {
				ASSETCATALOG_COMPILER_APPICON_NAME = AppIcon;
				ASSETCATALOG_COMPILER_GLOBAL_ACCENT_COLOR_NAME = AccentColor;
				CODE_SIGN_STYLE = Automatic;
				DEVELOPMENT_TEAM = UHKDQXU3U4;
				INFOPLIST_FILE = "Strategy board/Info.plist";
				LD_RUNPATH_SEARCH_PATHS = (
					"$(inherited)",
					"@executable_path/Frameworks",
				);
				PRODUCT_BUNDLE_IDENTIFIER = "com.kazu1.Strategy-board";
				PRODUCT_NAME = "$(TARGET_NAME)";
				SWIFT_VERSION = 5.0;
				TARGETED_DEVICE_FAMILY = "1,2";
			};
			name = Debug;
		};
		FE15B34E25BEDA7200E8E2FC /* Release */ = {
			isa = XCBuildConfiguration;
			buildSettings = {
				ASSETCATALOG_COMPILER_APPICON_NAME = AppIcon;
				ASSETCATALOG_COMPILER_GLOBAL_ACCENT_COLOR_NAME = AccentColor;
				CODE_SIGN_STYLE = Automatic;
				DEVELOPMENT_TEAM = UHKDQXU3U4;
				INFOPLIST_FILE = "Strategy board/Info.plist";
				LD_RUNPATH_SEARCH_PATHS = (
					"$(inherited)",
					"@executable_path/Frameworks",
				);
				PRODUCT_BUNDLE_IDENTIFIER = "com.kazu1.Strategy-board";
				PRODUCT_NAME = "$(TARGET_NAME)";
				SWIFT_VERSION = 5.0;
				TARGETED_DEVICE_FAMILY = "1,2";
			};
			name = Release;
		};
/* End XCBuildConfiguration section */

/* Begin XCConfigurationList section */
		FE15B33325BEDA7100E8E2FC /* Build configuration list for PBXProject "Strategy board" */ = {
			isa = XCConfigurationList;
			buildConfigurations = (
				FE15B34A25BEDA7200E8E2FC /* Debug */,
				FE15B34B25BEDA7200E8E2FC /* Release */,
			);
			defaultConfigurationIsVisible = 0;
			defaultConfigurationName = Release;
		};
		FE15B34C25BEDA7200E8E2FC /* Build configuration list for PBXNativeTarget "Strategy board" */ = {
			isa = XCConfigurationList;
			buildConfigurations = (
				FE15B34D25BEDA7200E8E2FC /* Debug */,
				FE15B34E25BEDA7200E8E2FC /* Release */,
			);
			defaultConfigurationIsVisible = 0;
			defaultConfigurationName = Release;
		};
/* End XCConfigurationList section */
	};
	rootObject = FE15B33025BEDA7100E8E2FC /* Project object */;
}
